
Microsoft Visual Studio Solution File, Format Version 12.00
Project("{FAE04EC0-301F-11D3-BF4B-00C04F79EFBC}") = "Proiect1", "Proiect1\Proiect1.csproj", "{81F90053-5766-4546-9242-0B3BEB8D55E2}"
EndProject
Project("{FAE04EC0-301F-11D3-BF4B-00C04F79EFBC}") = "Proiect2", "Proiect2\Proiect2.csproj", "{10B45C64-5D30-4CEA-B0F8-8943E12FD02C}"
EndProject
Global
	GlobalSection(SolutionConfigurationPlatforms) = preSolution
		Debug|Any CPU = Debug|Any CPU
		Release|Any CPU = Release|Any CPU
	EndGlobalSection
	GlobalSection(ProjectConfigurationPlatforms) = postSolution
		{81F90053-5766-4546-9242-0B3BEB8D55E2}.Debug|Any CPU.ActiveCfg = Debug|Any CPU
		{81F90053-5766-4546-9242-0B3BEB8D55E2}.Debug|Any CPU.Build.0 = Debug|Any CPU
		{81F90053-5766-4546-9242-0B3BEB8D55E2}.Release|Any CPU.ActiveCfg = Release|Any CPU
		{81F90053-5766-4546-9242-0B3BEB8D55E2}.Release|Any CPU.Build.0 = Release|Any CPU
		{10B45C64-5D30-4CEA-B0F8-8943E12FD02C}.Debug|Any CPU.ActiveCfg = Debug|Any CPU
		{10B45C64-5D30-4CEA-B0F8-8943E12FD02C}.Debug|Any CPU.Build.0 = Debug|Any CPU
		{10B45C64-5D30-4CEA-B0F8-8943E12FD02C}.Release|Any CPU.ActiveCfg = Release|Any CPU
		{10B45C64-5D30-4CEA-B0F8-8943E12FD02C}.Release|Any CPU.Build.0 = Release|Any CPU
	EndGlobalSection
EndGlobal
